PODS:
  - NHAlignmentFlowLayout (0.1.0)
  - SCRecorder (2.7.0)

DEPENDENCIES:
  - NHAlignmentFlowLayout
  - SCRecorder (from `SCRecorder-2.7.0`)

EXTERNAL SOURCES:
  SCRecorder:
    :path: SCRecorder-2.7.0

SPEC CHECKSUMS:
  NHAlignmentFlowLayout: 7f7e9bd79774a7c733e7ac232f2a131a0ce095b9
  SCRecorder: bbb521dbc222908876ec9cd9156bbc8a893bed44

PODFILE CHECKSUM: b77be9cb26a988ba0dc9304a6d6aa29c49f6b189

COCOAPODS: 1.1.1
