// !$*UTF8*$!
{
	archiveVersion = 1;
	classes = {
	};
	objectVersion = 46;
	objects = {

/* Begin PBXBuildFile section */
		6003F58E195388D20070C39A /* Foundation.framework in Frameworks */ = {isa = PBXBuildFile; fileRef = 6003F58D195388D20070C39A /* Foundation.framework */; };
		6003F590195388D20070C39A /* CoreGraphics.framework in Frameworks */ = {isa = PBXBuildFile; fileRef = 6003F58F195388D20070C39A /* CoreGraphics.framework */; };
		6003F592195388D20070C39A /* UIKit.framework in Frameworks */ = {isa = PBXBuildFile; fileRef = 6003F591195388D20070C39A /* UIKit.framework */; };
		6003F598195388D20070C39A /* InfoPlist.strings in Resources */ = {isa = PBXBuildFile; fileRef = 6003F596195388D20070C39A /* InfoPlist.strings */; };
		6003F59A195388D20070C39A /* main.m in Sources */ = {isa = PBXBuildFile; fileRef = 6003F599195388D20070C39A /* main.m */; };
		6003F59E195388D20070C39A /* CMAppDelegate.m in Sources */ = {isa = PBXBuildFile; fileRef = 6003F59D195388D20070C39A /* CMAppDelegate.m */; };
		6003F5A7195388D20070C39A /* CMViewController.m in Sources */ = {isa = PBXBuildFile; fileRef = 6003F5A6195388D20070C39A /* CMViewController.m */; };
		6003F5A9195388D20070C39A /* Images.xcassets in Resources */ = {isa = PBXBuildFile; fileRef = 6003F5A8195388D20070C39A /* Images.xcassets */; };
		6003F5B0195388D20070C39A /* XCTest.framework in Frameworks */ = {isa = PBXBuildFile; fileRef = 6003F5AF195388D20070C39A /* XCTest.framework */; };
		6003F5B1195388D20070C39A /* Foundation.framework in Frameworks */ = {isa = PBXBuildFile; fileRef = 6003F58D195388D20070C39A /* Foundation.framework */; };
		6003F5B2195388D20070C39A /* UIKit.framework in Frameworks */ = {isa = PBXBuildFile; fileRef = 6003F591195388D20070C39A /* UIKit.framework */; };
		6003F5BA195388D20070C39A /* InfoPlist.strings in Resources */ = {isa = PBXBuildFile; fileRef = 6003F5B8195388D20070C39A /* InfoPlist.strings */; };
		6FFAB1CB0D83B55197D28898 /* CMCammentDAOTests.m in Resources */ = {isa = PBXBuildFile; fileRef = 6FFAB329E9BFFEE4256FCE08 /* CMCammentDAOTests.m */; };
		6FFABAFF4ED033B25A675E74 /* CMDatabaseConnectorTests.m in Sources */ = {isa = PBXBuildFile; fileRef = 6FFAB4184F7284453C7987D9 /* CMDatabaseConnectorTests.m */; };
		71719F9F1E33DC2100824A3D /* LaunchScreen.storyboard in Resources */ = {isa = PBXBuildFile; fileRef = 71719F9D1E33DC2100824A3D /* LaunchScreen.storyboard */; };
		873B8AEB1B1F5CCA007FD442 /* Main.storyboard in Resources */ = {isa = PBXBuildFile; fileRef = 873B8AEA1B1F5CCA007FD442 /* Main.storyboard */; };
		953304FA2119B93500D37595 /* CMCammentUploaderTests.m in Sources */ = {isa = PBXBuildFile; fileRef = 953304EA2119B93500D37595 /* CMCammentUploaderTests.m */; };
		953304FB2119B93500D37595 /* CMUserSessionContollerTests.m in Sources */ = {isa = PBXBuildFile; fileRef = 953304EB2119B93500D37595 /* CMUserSessionContollerTests.m */; };
		953304FC2119B93500D37595 /* CMCammentViewInteractorTests.m in Sources */ = {isa = PBXBuildFile; fileRef = 953304EC2119B93500D37595 /* CMCammentViewInteractorTests.m */; };
		953304FD2119B93500D37595 /* CMCammentSDKMockDelegate.m in Sources */ = {isa = PBXBuildFile; fileRef = 953304F02119B93500D37595 /* CMCammentSDKMockDelegate.m */; };
		953304FE2119B93500D37595 /* CMTestFacebookIdentityProvider.m in Sources */ = {isa = PBXBuildFile; fileRef = 953304F22119B93500D37595 /* CMTestFacebookIdentityProvider.m */; };
		953304FF2119B93500D37595 /* CMCammentUploader+OCMock.m in Sources */ = {isa = PBXBuildFile; fileRef = 953304F42119B93500D37595 /* CMCammentUploader+OCMock.m */; };
		953305002119B93500D37595 /* CMAPIDevcammentClient+OCMock.m in Sources */ = {isa = PBXBuildFile; fileRef = 953304F52119B93500D37595 /* CMAPIDevcammentClient+OCMock.m */; };
		953305012119B93500D37595 /* CMTestAppConfig.m in Sources */ = {isa = PBXBuildFile; fileRef = 953304F62119B93500D37595 /* CMTestAppConfig.m */; };
		953305022119B93500D37595 /* CMAppServiceTests.m in Sources */ = {isa = PBXBuildFile; fileRef = 953304F72119B93500D37595 /* CMAppServiceTests.m */; };
		953305032119B93500D37595 /* CMAppServiceInvitationFlowTests.m in Sources */ = {isa = PBXBuildFile; fileRef = 953304F82119B93500D37595 /* CMAppServiceInvitationFlowTests.m */; };
		95A992D5211B120900C12E71 /* CMCammentDAOTests.m in Sources */ = {isa = PBXBuildFile; fileRef = 6FFAB329E9BFFEE4256FCE08 /* CMCammentDAOTests.m */; };
		D517D99B40C0D32A823CEEF2 /* Pods_CammentSDK_Example.framework in Frameworks */ = {isa = PBXBuildFile; fileRef = 08B9C88CB28910041EEC6955 /* Pods_CammentSDK_Example.framework */; };
		F61B25406BF30B08A833B2A6 /* Pods_CammentSDK_Tests.framework in Frameworks */ = {isa = PBXBuildFile; fileRef = 627CAD771FA004A93AAD30F7 /* Pods_CammentSDK_Tests.framework */; };
/* End PBXBuildFile section */

/* Begin PBXContainerItemProxy section */
		6003F5B3195388D20070C39A /* PBXContainerItemProxy */ = {
			isa = PBXContainerItemProxy;
			containerPortal = 6003F582195388D10070C39A /* Project object */;
			proxyType = 1;
			remoteGlobalIDString = 6003F589195388D20070C39A;
			remoteInfo = CammentSDK;
		};
/* End PBXContainerItemProxy section */

/* Begin PBXFileReference section */
		08B9C88CB28910041EEC6955 /* Pods_CammentSDK_Example.framework */ = {isa = PBXFileReference; explicitFileType = wrapper.framework; includeInIndex = 0; path = Pods_CammentSDK_Example.framework; sourceTree = BUILT_PRODUCTS_DIR; };
		0978F414B47B33B25C6A9BD5 /* Pods-CammentSDK_Tests.debug.xcconfig */ = {isa = PBXFileReference; includeInIndex = 1; lastKnownFileType = text.xcconfig; name = "Pods-CammentSDK_Tests.debug.xcconfig"; path = "Pods/Target Support Files/Pods-CammentSDK_Tests/Pods-CammentSDK_Tests.debug.xcconfig"; sourceTree = "<group>"; };
		309B56756D68108C89A174FA /* Pods-CammentSDK_Example.release.xcconfig */ = {isa = PBXFileReference; includeInIndex = 1; lastKnownFileType = text.xcconfig; name = "Pods-CammentSDK_Example.release.xcconfig"; path = "Pods/Target Support Files/Pods-CammentSDK_Example/Pods-CammentSDK_Example.release.xcconfig"; sourceTree = "<group>"; };
		6003F58A195388D20070C39A /* CammentSDK_Example.app */ = {isa = PBXFileReference; explicitFileType = wrapper.application; includeInIndex = 0; path = CammentSDK_Example.app; sourceTree = BUILT_PRODUCTS_DIR; };
		6003F58D195388D20070C39A /* Foundation.framework */ = {isa = PBXFileReference; lastKnownFileType = wrapper.framework; name = Foundation.framework; path = System/Library/Frameworks/Foundation.framework; sourceTree = SDKROOT; };
		6003F58F195388D20070C39A /* CoreGraphics.framework */ = {isa = PBXFileReference; lastKnownFileType = wrapper.framework; name = CoreGraphics.framework; path = System/Library/Frameworks/CoreGraphics.framework; sourceTree = SDKROOT; };
		6003F591195388D20070C39A /* UIKit.framework */ = {isa = PBXFileReference; lastKnownFileType = wrapper.framework; name = UIKit.framework; path = System/Library/Frameworks/UIKit.framework; sourceTree = SDKROOT; };
		6003F595195388D20070C39A /* CammentSDK-Info.plist */ = {isa = PBXFileReference; lastKnownFileType = text.plist.xml; path = "CammentSDK-Info.plist"; sourceTree = "<group>"; };
		6003F597195388D20070C39A /* en */ = {isa = PBXFileReference; lastKnownFileType = text.plist.strings; name = en; path = en.lproj/InfoPlist.strings; sourceTree = "<group>"; };
		6003F599195388D20070C39A /* main.m */ = {isa = PBXFileReference; lastKnownFileType = sourcecode.c.objc; path = main.m; sourceTree = "<group>"; };
		6003F59B195388D20070C39A /* CammentSDK-Prefix.pch */ = {isa = PBXFileReference; lastKnownFileType = sourcecode.c.h; path = "CammentSDK-Prefix.pch"; sourceTree = "<group>"; };
		6003F59C195388D20070C39A /* CMAppDelegate.h */ = {isa = PBXFileReference; lastKnownFileType = sourcecode.c.h; path = CMAppDelegate.h; sourceTree = "<group>"; };
		6003F59D195388D20070C39A /* CMAppDelegate.m */ = {isa = PBXFileReference; lastKnownFileType = sourcecode.c.objc; path = CMAppDelegate.m; sourceTree = "<group>"; };
		6003F5A5195388D20070C39A /* CMViewController.h */ = {isa = PBXFileReference; lastKnownFileType = sourcecode.c.h; path = CMViewController.h; sourceTree = "<group>"; };
		6003F5A6195388D20070C39A /* CMViewController.m */ = {isa = PBXFileReference; lastKnownFileType = sourcecode.c.objc; path = CMViewController.m; sourceTree = "<group>"; };
		6003F5A8195388D20070C39A /* Images.xcassets */ = {isa = PBXFileReference; lastKnownFileType = folder.assetcatalog; path = Images.xcassets; sourceTree = "<group>"; };
		6003F5AE195388D20070C39A /* CammentSDK_Tests.xctest */ = {isa = PBXFileReference; explicitFileType = wrapper.cfbundle; includeInIndex = 0; path = CammentSDK_Tests.xctest; sourceTree = BUILT_PRODUCTS_DIR; };
		6003F5AF195388D20070C39A /* XCTest.framework */ = {isa = PBXFileReference; lastKnownFileType = wrapper.framework; name = XCTest.framework; path = Library/Frameworks/XCTest.framework; sourceTree = DEVELOPER_DIR; };
		6003F5B7195388D20070C39A /* Tests-Info.plist */ = {isa = PBXFileReference; lastKnownFileType = text.plist.xml; path = "Tests-Info.plist"; sourceTree = "<group>"; };
		6003F5B9195388D20070C39A /* en */ = {isa = PBXFileReference; lastKnownFileType = text.plist.strings; name = en; path = en.lproj/InfoPlist.strings; sourceTree = "<group>"; };
		606FC2411953D9B200FFA9A0 /* Tests-Prefix.pch */ = {isa = PBXFileReference; lastKnownFileType = sourcecode.c.h; path = "Tests-Prefix.pch"; sourceTree = "<group>"; };
		627CAD771FA004A93AAD30F7 /* Pods_CammentSDK_Tests.framework */ = {isa = PBXFileReference; explicitFileType = wrapper.framework; includeInIndex = 0; path = Pods_CammentSDK_Tests.framework; sourceTree = BUILT_PRODUCTS_DIR; };
		650A485B104F57DD6CB461E8 /* LICENSE */ = {isa = PBXFileReference; includeInIndex = 1; lastKnownFileType = text; name = LICENSE; path = ../LICENSE; sourceTree = "<group>"; };
		6F4727EA30536B6EDBF4416F /* Pods-CammentSDK_Example.debug.xcconfig */ = {isa = PBXFileReference; includeInIndex = 1; lastKnownFileType = text.xcconfig; name = "Pods-CammentSDK_Example.debug.xcconfig"; path = "Pods/Target Support Files/Pods-CammentSDK_Example/Pods-CammentSDK_Example.debug.xcconfig"; sourceTree = "<group>"; };
		6FFAB329E9BFFEE4256FCE08 /* CMCammentDAOTests.m */ = {isa = PBXFileReference; fileEncoding = 4; lastKnownFileType = sourcecode.c.objc; path = CMCammentDAOTests.m; sourceTree = "<group>"; };
		6FFAB4184F7284453C7987D9 /* CMDatabaseConnectorTests.m */ = {isa = PBXFileReference; fileEncoding = 4; lastKnownFileType = sourcecode.c.objc; path = CMDatabaseConnectorTests.m; sourceTree = "<group>"; };
		71719F9E1E33DC2100824A3D /* Base */ = {isa = PBXFileReference; lastKnownFileType = file.storyboard; name = Base; path = Base.lproj/LaunchScreen.storyboard; sourceTree = "<group>"; };
		7DE22882396EA283C3380EB9 /* Pods-CammentSDK_Tests.release.xcconfig */ = {isa = PBXFileReference; includeInIndex = 1; lastKnownFileType = text.xcconfig; name = "Pods-CammentSDK_Tests.release.xcconfig"; path = "Pods/Target Support Files/Pods-CammentSDK_Tests/Pods-CammentSDK_Tests.release.xcconfig"; sourceTree = "<group>"; };
		86644D9629196779190350A5 /* README.md */ = {isa = PBXFileReference; includeInIndex = 1; lastKnownFileType = net.daringfireball.markdown; name = README.md; path = ../README.md; sourceTree = "<group>"; };
		873B8AEA1B1F5CCA007FD442 /* Main.storyboard */ = {isa = PBXFileReference; fileEncoding = 4; lastKnownFileType = file.storyboard; name = Main.storyboard; path = Base.lproj/Main.storyboard; sourceTree = "<group>"; };
		953304E92119B93500D37595 /* CMTestAppConfig.h */ = {isa = PBXFileReference; fileEncoding = 4; lastKnownFileType = sourcecode.c.h; path = CMTestAppConfig.h; sourceTree = "<group>"; };
		953304EA2119B93500D37595 /* CMCammentUploaderTests.m */ = {isa = PBXFileReference; fileEncoding = 4; lastKnownFileType = sourcecode.c.objc; path = CMCammentUploaderTests.m; sourceTree = "<group>"; };
		953304EB2119B93500D37595 /* CMUserSessionContollerTests.m */ = {isa = PBXFileReference; fileEncoding = 4; lastKnownFileType = sourcecode.c.objc; path = CMUserSessionContollerTests.m; sourceTree = "<group>"; };
		953304EC2119B93500D37595 /* CMCammentViewInteractorTests.m */ = {isa = PBXFileReference; fileEncoding = 4; lastKnownFileType = sourcecode.c.objc; path = CMCammentViewInteractorTests.m; sourceTree = "<group>"; };
		953304EE2119B93500D37595 /* CMTestFacebookIdentityProvider.h */ = {isa = PBXFileReference; fileEncoding = 4; lastKnownFileType = sourcecode.c.h; path = CMTestFacebookIdentityProvider.h; sourceTree = "<group>"; };
		953304EF2119B93500D37595 /* CMCammentUploader+OCMock.h */ = {isa = PBXFileReference; fileEncoding = 4; lastKnownFileType = sourcecode.c.h; path = "CMCammentUploader+OCMock.h"; sourceTree = "<group>"; };
		953304F02119B93500D37595 /* CMCammentSDKMockDelegate.m */ = {isa = PBXFileReference; fileEncoding = 4; lastKnownFileType = sourcecode.c.objc; path = CMCammentSDKMockDelegate.m; sourceTree = "<group>"; };
		953304F12119B93500D37595 /* CMAPIDevcammentClient+OCMock.h */ = {isa = PBXFileReference; fileEncoding = 4; lastKnownFileType = sourcecode.c.h; path = "CMAPIDevcammentClient+OCMock.h"; sourceTree = "<group>"; };
		953304F22119B93500D37595 /* CMTestFacebookIdentityProvider.m */ = {isa = PBXFileReference; fileEncoding = 4; lastKnownFileType = sourcecode.c.objc; path = CMTestFacebookIdentityProvider.m; sourceTree = "<group>"; };
		953304F32119B93500D37595 /* CMCammentSDKMockDelegate.h */ = {isa = PBXFileReference; fileEncoding = 4; lastKnownFileType = sourcecode.c.h; path = CMCammentSDKMockDelegate.h; sourceTree = "<group>"; };
		953304F42119B93500D37595 /* CMCammentUploader+OCMock.m */ = {isa = PBXFileReference; fileEncoding = 4; lastKnownFileType = sourcecode.c.objc; path = "CMCammentUploader+OCMock.m"; sourceTree = "<group>"; };
		953304F52119B93500D37595 /* CMAPIDevcammentClient+OCMock.m */ = {isa = PBXFileReference; fileEncoding = 4; lastKnownFileType = sourcecode.c.objc; path = "CMAPIDevcammentClient+OCMock.m"; sourceTree = "<group>"; };
		953304F62119B93500D37595 /* CMTestAppConfig.m */ = {isa = PBXFileReference; fileEncoding = 4; lastKnownFileType = sourcecode.c.objc; path = CMTestAppConfig.m; sourceTree = "<group>"; };
		953304F72119B93500D37595 /* CMAppServiceTests.m */ = {isa = PBXFileReference; fileEncoding = 4; lastKnownFileType = sourcecode.c.objc; path = CMAppServiceTests.m; sourceTree = "<group>"; };
		953304F82119B93500D37595 /* CMAppServiceInvitationFlowTests.m */ = {isa = PBXFileReference; fileEncoding = 4; lastKnownFileType = sourcecode.c.objc; path = CMAppServiceInvitationFlowTests.m; sourceTree = "<group>"; };
		AA770F01B5A933242D0C1EDF /* CammentSDK.podspec */ = {isa = PBXFileReference; includeInIndex = 1; lastKnownFileType = text; name = CammentSDK.podspec; path = ../CammentSDK.podspec; sourceTree = "<group>"; xcLanguageSpecificationIdentifier = xcode.lang.ruby; };
/* End PBXFileReference section */

/* Begin PBXFrameworksBuildPhase section */
		6003F587195388D20070C39A /* Frameworks */ = {
			isa = PBXFrameworksBuildPhase;
			buildActionMask = 2147483647;
			files = (
				6003F590195388D20070C39A /* CoreGraphics.framework in Frameworks */,
				6003F592195388D20070C39A /* UIKit.framework in Frameworks */,
				6003F58E195388D20070C39A /* Foundation.framework in Frameworks */,
				D517D99B40C0D32A823CEEF2 /* Pods_CammentSDK_Example.framework in Frameworks */,
			);
			runOnlyForDeploymentPostprocessing = 0;
		};
		6003F5AB195388D20070C39A /* Frameworks */ = {
			isa = PBXFrameworksBuildPhase;
			buildActionMask = 2147483647;
			files = (
				6003F5B0195388D20070C39A /* XCTest.framework in Frameworks */,
				6003F5B2195388D20070C39A /* UIKit.framework in Frameworks */,
				6003F5B1195388D20070C39A /* Foundation.framework in Frameworks */,
				F61B25406BF30B08A833B2A6 /* Pods_CammentSDK_Tests.framework in Frameworks */,
			);
			runOnlyForDeploymentPostprocessing = 0;
		};
/* End PBXFrameworksBuildPhase section */

/* Begin PBXGroup section */
		6003F581195388D10070C39A = {
			isa = PBXGroup;
			children = (
				60FF7A9C1954A5C5007DD14C /* Podspec Metadata */,
				6003F593195388D20070C39A /* Example for CammentSDK */,
				6003F5B5195388D20070C39A /* Tests */,
				6003F58C195388D20070C39A /* Frameworks */,
				6003F58B195388D20070C39A /* Products */,
				E08D97436290D50457F82D26 /* Pods */,
			);
			sourceTree = "<group>";
		};
		6003F58B195388D20070C39A /* Products */ = {
			isa = PBXGroup;
			children = (
				6003F58A195388D20070C39A /* CammentSDK_Example.app */,
				6003F5AE195388D20070C39A /* CammentSDK_Tests.xctest */,
			);
			name = Products;
			sourceTree = "<group>";
		};
		6003F58C195388D20070C39A /* Frameworks */ = {
			isa = PBXGroup;
			children = (
				6003F58D195388D20070C39A /* Foundation.framework */,
				6003F58F195388D20070C39A /* CoreGraphics.framework */,
				6003F591195388D20070C39A /* UIKit.framework */,
				6003F5AF195388D20070C39A /* XCTest.framework */,
				08B9C88CB28910041EEC6955 /* Pods_CammentSDK_Example.framework */,
				627CAD771FA004A93AAD30F7 /* Pods_CammentSDK_Tests.framework */,
			);
			name = Frameworks;
			sourceTree = "<group>";
		};
		6003F593195388D20070C39A /* Example for CammentSDK */ = {
			isa = PBXGroup;
			children = (
				6003F59C195388D20070C39A /* CMAppDelegate.h */,
				6003F59D195388D20070C39A /* CMAppDelegate.m */,
				873B8AEA1B1F5CCA007FD442 /* Main.storyboard */,
				6003F5A5195388D20070C39A /* CMViewController.h */,
				6003F5A6195388D20070C39A /* CMViewController.m */,
				71719F9D1E33DC2100824A3D /* LaunchScreen.storyboard */,
				6003F5A8195388D20070C39A /* Images.xcassets */,
				6003F594195388D20070C39A /* Supporting Files */,
			);
			name = "Example for CammentSDK";
			path = CammentSDK;
			sourceTree = "<group>";
		};
		6003F594195388D20070C39A /* Supporting Files */ = {
			isa = PBXGroup;
			children = (
				6003F595195388D20070C39A /* CammentSDK-Info.plist */,
				6003F596195388D20070C39A /* InfoPlist.strings */,
				6003F599195388D20070C39A /* main.m */,
				6003F59B195388D20070C39A /* CammentSDK-Prefix.pch */,
			);
			name = "Supporting Files";
			sourceTree = "<group>";
		};
		6003F5B5195388D20070C39A /* Tests */ = {
			isa = PBXGroup;
			children = (
				953304F82119B93500D37595 /* CMAppServiceInvitationFlowTests.m */,
				953304F72119B93500D37595 /* CMAppServiceTests.m */,
				953304EA2119B93500D37595 /* CMCammentUploaderTests.m */,
				953304EC2119B93500D37595 /* CMCammentViewInteractorTests.m */,
				953304E92119B93500D37595 /* CMTestAppConfig.h */,
				953304F62119B93500D37595 /* CMTestAppConfig.m */,
				953304EB2119B93500D37595 /* CMUserSessionContollerTests.m */,
				953304ED2119B93500D37595 /* MockHelpers */,
				6003F5B6195388D20070C39A /* Supporting Files */,
				6FFAB7CD8FF265023F1D289A /* Database */,
			);
			path = Tests;
			sourceTree = "<group>";
		};
		6003F5B6195388D20070C39A /* Supporting Files */ = {
			isa = PBXGroup;
			children = (
				6003F5B7195388D20070C39A /* Tests-Info.plist */,
				6003F5B8195388D20070C39A /* InfoPlist.strings */,
				606FC2411953D9B200FFA9A0 /* Tests-Prefix.pch */,
			);
			name = "Supporting Files";
			sourceTree = "<group>";
		};
		60FF7A9C1954A5C5007DD14C /* Podspec Metadata */ = {
			isa = PBXGroup;
			children = (
				AA770F01B5A933242D0C1EDF /* CammentSDK.podspec */,
				86644D9629196779190350A5 /* README.md */,
				650A485B104F57DD6CB461E8 /* LICENSE */,
			);
			name = "Podspec Metadata";
			sourceTree = "<group>";
		};
		6FFAB7CD8FF265023F1D289A /* Database */ = {
			isa = PBXGroup;
			children = (
				6FFAB4184F7284453C7987D9 /* CMDatabaseConnectorTests.m */,
				6FFAB329E9BFFEE4256FCE08 /* CMCammentDAOTests.m */,
			);
			path = Database;
			sourceTree = "<group>";
		};
		953304ED2119B93500D37595 /* MockHelpers */ = {
			isa = PBXGroup;
			children = (
				953304EE2119B93500D37595 /* CMTestFacebookIdentityProvider.h */,
				953304EF2119B93500D37595 /* CMCammentUploader+OCMock.h */,
				953304F02119B93500D37595 /* CMCammentSDKMockDelegate.m */,
				953304F12119B93500D37595 /* CMAPIDevcammentClient+OCMock.h */,
				953304F22119B93500D37595 /* CMTestFacebookIdentityProvider.m */,
				953304F32119B93500D37595 /* CMCammentSDKMockDelegate.h */,
				953304F42119B93500D37595 /* CMCammentUploader+OCMock.m */,
				953304F52119B93500D37595 /* CMAPIDevcammentClient+OCMock.m */,
			);
			path = MockHelpers;
			sourceTree = "<group>";
		};
		E08D97436290D50457F82D26 /* Pods */ = {
			isa = PBXGroup;
			children = (
				6F4727EA30536B6EDBF4416F /* Pods-CammentSDK_Example.debug.xcconfig */,
				309B56756D68108C89A174FA /* Pods-CammentSDK_Example.release.xcconfig */,
				0978F414B47B33B25C6A9BD5 /* Pods-CammentSDK_Tests.debug.xcconfig */,
				7DE22882396EA283C3380EB9 /* Pods-CammentSDK_Tests.release.xcconfig */,
			);
			name = Pods;
			sourceTree = "<group>";
		};
/* End PBXGroup section */

/* Begin PBXNativeTarget section */
		6003F589195388D20070C39A /* CammentSDK_Example */ = {
			isa = PBXNativeTarget;
			buildConfigurationList = 6003F5BF195388D20070C39A /* Build configuration list for PBXNativeTarget "CammentSDK_Example" */;
			buildPhases = (
				9F7E7B7332D8327AF951DB1D /* [CP] Check Pods Manifest.lock */,
				6003F586195388D20070C39A /* Sources */,
				6003F587195388D20070C39A /* Frameworks */,
				6003F588195388D20070C39A /* Resources */,
				820CF7DC69DFD88026F0C09A /* [CP] Embed Pods Frameworks */,
				B97DB254514F72FC9FE07551 /* [CP] Copy Pods Resources */,
			);
			buildRules = (
			);
			dependencies = (
			);
			name = CammentSDK_Example;
			productName = CammentSDK;
			productReference = 6003F58A195388D20070C39A /* CammentSDK_Example.app */;
			productType = "com.apple.product-type.application";
		};
		6003F5AD195388D20070C39A /* CammentSDK_Tests */ = {
			isa = PBXNativeTarget;
			buildConfigurationList = 6003F5C2195388D20070C39A /* Build configuration list for PBXNativeTarget "CammentSDK_Tests" */;
			buildPhases = (
				C3A9AB3668E07717B647D553 /* [CP] Check Pods Manifest.lock */,
				6003F5AA195388D20070C39A /* Sources */,
				6003F5AB195388D20070C39A /* Frameworks */,
				6003F5AC195388D20070C39A /* Resources */,
				18A72522B7552715CE108B2F /* [CP] Embed Pods Frameworks */,
				5F09557B83E37E2CB3C684EB /* [CP] Copy Pods Resources */,
			);
			buildRules = (
			);
			dependencies = (
				6003F5B4195388D20070C39A /* PBXTargetDependency */,
			);
			name = CammentSDK_Tests;
			productName = CammentSDKTests;
			productReference = 6003F5AE195388D20070C39A /* CammentSDK_Tests.xctest */;
			productType = "com.apple.product-type.bundle.unit-test";
		};
/* End PBXNativeTarget section */

/* Begin PBXProject section */
		6003F582195388D10070C39A /* Project object */ = {
			isa = PBXProject;
			attributes = {
				CLASSPREFIX = CM;
				LastUpgradeCheck = 0940;
				ORGANIZATIONNAME = "Alexander Fedosov";
				TargetAttributes = {
					6003F589195388D20070C39A = {
						DevelopmentTeam = 8L5UM9D7Z5;
					};
					6003F5AD195388D20070C39A = {
						TestTargetID = 6003F589195388D20070C39A;
					};
				};
			};
			buildConfigurationList = 6003F585195388D10070C39A /* Build configuration list for PBXProject "CammentSDK" */;
			compatibilityVersion = "Xcode 3.2";
			developmentRegion = English;
			hasScannedForEncodings = 0;
			knownRegions = (
				en,
				Base,
			);
			mainGroup = 6003F581195388D10070C39A;
			productRefGroup = 6003F58B195388D20070C39A /* Products */;
			projectDirPath = "";
			projectRoot = "";
			targets = (
				6003F589195388D20070C39A /* CammentSDK_Example */,
				6003F5AD195388D20070C39A /* CammentSDK_Tests */,
			);
		};
/* End PBXProject section */

/* Begin PBXResourcesBuildPhase section */
		6003F588195388D20070C39A /* Resources */ = {
			isa = PBXResourcesBuildPhase;
			buildActionMask = 2147483647;
			files = (
				873B8AEB1B1F5CCA007FD442 /* Main.storyboard in Resources */,
				71719F9F1E33DC2100824A3D /* LaunchScreen.storyboard in Resources */,
				6003F5A9195388D20070C39A /* Images.xcassets in Resources */,
				6003F598195388D20070C39A /* InfoPlist.strings in Resources */,
			);
			runOnlyForDeploymentPostprocessing = 0;
		};
		6003F5AC195388D20070C39A /* Resources */ = {
			isa = PBXResourcesBuildPhase;
			buildActionMask = 2147483647;
			files = (
				6003F5BA195388D20070C39A /* InfoPlist.strings in Resources */,
				6FFAB1CB0D83B55197D28898 /* CMCammentDAOTests.m in Resources */,
			);
			runOnlyForDeploymentPostprocessing = 0;
		};
/* End PBXResourcesBuildPhase section */

/* Begin PBXShellScriptBuildPhase section */
		18A72522B7552715CE108B2F /* [CP] Embed Pods Frameworks */ = {
			isa = PBXShellScriptBuildPhase;
			buildActionMask = 2147483647;
			files = (
			);
			inputPaths = (
				"${SRCROOT}/Pods/Target Support Files/Pods-CammentSDK_Tests/Pods-CammentSDK_Tests-frameworks.sh",
				"${BUILT_PRODUCTS_DIR}/Expecta/Expecta.framework",
				"${BUILT_PRODUCTS_DIR}/OCMock/OCMock.framework",
				"${BUILT_PRODUCTS_DIR}/Specta/Specta.framework",
			);
			name = "[CP] Embed Pods Frameworks";
			outputPaths = (
				"${TARGET_BUILD_DIR}/${FRAMEWORKS_FOLDER_PATH}/Expecta.framework",
				"${TARGET_BUILD_DIR}/${FRAMEWORKS_FOLDER_PATH}/OCMock.framework",
				"${TARGET_BUILD_DIR}/${FRAMEWORKS_FOLDER_PATH}/Specta.framework",
			);
			runOnlyForDeploymentPostprocessing = 0;
			shellPath = /bin/sh;
			shellScript = "\"${SRCROOT}/Pods/Target Support Files/Pods-CammentSDK_Tests/Pods-CammentSDK_Tests-frameworks.sh\"\n";
			showEnvVarsInLog = 0;
		};
		5F09557B83E37E2CB3C684EB /* [CP] Copy Pods Resources */ = {
			isa = PBXShellScriptBuildPhase;
			buildActionMask = 2147483647;
			files = (
			);
			inputPaths = (
			);
			name = "[CP] Copy Pods Resources";
			outputPaths = (
			);
			runOnlyForDeploymentPostprocessing = 0;
			shellPath = /bin/sh;
			shellScript = "\"${SRCROOT}/Pods/Target Support Files/Pods-CammentSDK_Tests/Pods-CammentSDK_Tests-resources.sh\"\n";
			showEnvVarsInLog = 0;
		};
		820CF7DC69DFD88026F0C09A /* [CP] Embed Pods Frameworks */ = {
			isa = PBXShellScriptBuildPhase;
			buildActionMask = 2147483647;
			files = (
			);
			inputPaths = (
				"${SRCROOT}/Pods/Target Support Files/Pods-CammentSDK_Example/Pods-CammentSDK_Example-frameworks.sh",
				"${BUILT_PRODUCTS_DIR}/AFNetworking/AFNetworking.framework",
				"${BUILT_PRODUCTS_DIR}/AMPopTip/AMPopTip.framework",
				"${BUILT_PRODUCTS_DIR}/AWSAPIGateway/AWSAPIGateway.framework",
				"${BUILT_PRODUCTS_DIR}/AWSCognito/AWSCognito.framework",
				"${BUILT_PRODUCTS_DIR}/AWSCognitoIdentityProvider/AWSCognitoIdentityProvider.framework",
				"${BUILT_PRODUCTS_DIR}/AWSCognitoIdentityProviderASF/AWSCognitoIdentityProviderASF.framework",
				"${BUILT_PRODUCTS_DIR}/AWSCore/AWSCore.framework",
				"${BUILT_PRODUCTS_DIR}/AWSIoT/AWSIoT.framework",
				"${BUILT_PRODUCTS_DIR}/AWSMobileAnalytics/AWSMobileAnalytics.framework",
				"${BUILT_PRODUCTS_DIR}/AWSS3/AWSS3.framework",
				"${BUILT_PRODUCTS_DIR}/Bolts/Bolts.framework",
				"${BUILT_PRODUCTS_DIR}/CammentAds/CammentAds.framework",
				"${BUILT_PRODUCTS_DIR}/CammentSDK/CammentSDK.framework",
				"${BUILT_PRODUCTS_DIR}/CocoaLumberjack/CocoaLumberjack.framework",
				"${BUILT_PRODUCTS_DIR}/DateTools/DateTools.framework",
				"${BUILT_PRODUCTS_DIR}/FBSDKCoreKit/FBSDKCoreKit.framework",
				"${BUILT_PRODUCTS_DIR}/FBSDKLoginKit/FBSDKLoginKit.framework",
				"${BUILT_PRODUCTS_DIR}/FLAnimatedImage/FLAnimatedImage.framework",
				"${BUILT_PRODUCTS_DIR}/GVUserDefaults/GVUserDefaults.framework",
				"${BUILT_PRODUCTS_DIR}/MBProgressHUD/MBProgressHUD.framework",
				"${BUILT_PRODUCTS_DIR}/Mixpanel/Mixpanel.framework",
				"${BUILT_PRODUCTS_DIR}/PINCache/PINCache.framework",
				"${BUILT_PRODUCTS_DIR}/PINOperation/PINOperation.framework",
				"${BUILT_PRODUCTS_DIR}/PINRemoteImage/PINRemoteImage.framework",
				"${BUILT_PRODUCTS_DIR}/ReactiveObjC/ReactiveObjC.framework",
				"${BUILT_PRODUCTS_DIR}/TBStateMachine/TBStateMachine.framework",
				"${BUILT_PRODUCTS_DIR}/TLIndexPathTools/TLIndexPathTools.framework",
				"${BUILT_PRODUCTS_DIR}/Texture/AsyncDisplayKit.framework",
				"${BUILT_PRODUCTS_DIR}/Tweaks/Tweaks.framework",
				"${BUILT_PRODUCTS_DIR}/YapDatabase/YapDatabase.framework",
				"${BUILT_PRODUCTS_DIR}/pop/pop.framework",
			);
			name = "[CP] Embed Pods Frameworks";
			outputPaths = (
				"${TARGET_BUILD_DIR}/${FRAMEWORKS_FOLDER_PATH}/AFNetworking.framework",
				"${TARGET_BUILD_DIR}/${FRAMEWORKS_FOLDER_PATH}/AMPopTip.framework",
				"${TARGET_BUILD_DIR}/${FRAMEWORKS_FOLDER_PATH}/AWSAPIGateway.framework",
				"${TARGET_BUILD_DIR}/${FRAMEWORKS_FOLDER_PATH}/AWSCognito.framework",
				"${TARGET_BUILD_DIR}/${FRAMEWORKS_FOLDER_PATH}/AWSCognitoIdentityProvider.framework",
				"${TARGET_BUILD_DIR}/${FRAMEWORKS_FOLDER_PATH}/AWSCognitoIdentityProviderASF.framework",
				"${TARGET_BUILD_DIR}/${FRAMEWORKS_FOLDER_PATH}/AWSCore.framework",
				"${TARGET_BUILD_DIR}/${FRAMEWORKS_FOLDER_PATH}/AWSIoT.framework",
				"${TARGET_BUILD_DIR}/${FRAMEWORKS_FOLDER_PATH}/AWSMobileAnalytics.framework",
				"${TARGET_BUILD_DIR}/${FRAMEWORKS_FOLDER_PATH}/AWSS3.framework",
				"${TARGET_BUILD_DIR}/${FRAMEWORKS_FOLDER_PATH}/Bolts.framework",
				"${TARGET_BUILD_DIR}/${FRAMEWORKS_FOLDER_PATH}/CammentAds.framework",
				"${TARGET_BUILD_DIR}/${FRAMEWORKS_FOLDER_PATH}/CammentSDK.framework",
				"${TARGET_BUILD_DIR}/${FRAMEWORKS_FOLDER_PATH}/CocoaLumberjack.framework",
				"${TARGET_BUILD_DIR}/${FRAMEWORKS_FOLDER_PATH}/DateTools.framework",
				"${TARGET_BUILD_DIR}/${FRAMEWORKS_FOLDER_PATH}/FBSDKCoreKit.framework",
				"${TARGET_BUILD_DIR}/${FRAMEWORKS_FOLDER_PATH}/FBSDKLoginKit.framework",
				"${TARGET_BUILD_DIR}/${FRAMEWORKS_FOLDER_PATH}/FLAnimatedImage.framework",
				"${TARGET_BUILD_DIR}/${FRAMEWORKS_FOLDER_PATH}/GVUserDefaults.framework",
				"${TARGET_BUILD_DIR}/${FRAMEWORKS_FOLDER_PATH}/MBProgressHUD.framework",
				"${TARGET_BUILD_DIR}/${FRAMEWORKS_FOLDER_PATH}/Mixpanel.framework",
				"${TARGET_BUILD_DIR}/${FRAMEWORKS_FOLDER_PATH}/PINCache.framework",
				"${TARGET_BUILD_DIR}/${FRAMEWORKS_FOLDER_PATH}/PINOperation.framework",
				"${TARGET_BUILD_DIR}/${FRAMEWORKS_FOLDER_PATH}/PINRemoteImage.framework",
				"${TARGET_BUILD_DIR}/${FRAMEWORKS_FOLDER_PATH}/ReactiveObjC.framework",
				"${TARGET_BUILD_DIR}/${FRAMEWORKS_FOLDER_PATH}/TBStateMachine.framework",
				"${TARGET_BUILD_DIR}/${FRAMEWORKS_FOLDER_PATH}/TLIndexPathTools.framework",
				"${TARGET_BUILD_DIR}/${FRAMEWORKS_FOLDER_PATH}/AsyncDisplayKit.framework",
				"${TARGET_BUILD_DIR}/${FRAMEWORKS_FOLDER_PATH}/Tweaks.framework",
				"${TARGET_BUILD_DIR}/${FRAMEWORKS_FOLDER_PATH}/YapDatabase.framework",
				"${TARGET_BUILD_DIR}/${FRAMEWORKS_FOLDER_PATH}/pop.framework",
			);
			runOnlyForDeploymentPostprocessing = 0;
			shellPath = /bin/sh;
			shellScript = "\"${SRCROOT}/Pods/Target Support Files/Pods-CammentSDK_Example/Pods-CammentSDK_Example-frameworks.sh\"\n";
			showEnvVarsInLog = 0;
		};
		9F7E7B7332D8327AF951DB1D /* [CP] Check Pods Manifest.lock */ = {
			isa = PBXShellScriptBuildPhase;
			buildActionMask = 2147483647;
			files = (
			);
			inputPaths = (
				"${PODS_PODFILE_DIR_PATH}/Podfile.lock",
				"${PODS_ROOT}/Manifest.lock",
			);
			name = "[CP] Check Pods Manifest.lock";
			outputPaths = (
				"$(DERIVED_FILE_DIR)/Pods-CammentSDK_Example-checkManifestLockResult.txt",
			);
			runOnlyForDeploymentPostprocessing = 0;
			shellPath = /bin/sh;
			shellScript = "diff \"${PODS_PODFILE_DIR_PATH}/Podfile.lock\" \"${PODS_ROOT}/Manifest.lock\" > /dev/null\nif [ $? != 0 ] ; then\n    # print error to STDERR\n    echo \"error: The sandbox is not in sync with the Podfile.lock. Run 'pod install' or update your CocoaPods installation.\" >&2\n    exit 1\nfi\n# This output is used by Xcode 'outputs' to avoid re-running this script phase.\necho \"SUCCESS\" > \"${SCRIPT_OUTPUT_FILE_0}\"\n";
			showEnvVarsInLog = 0;
		};
		B97DB254514F72FC9FE07551 /* [CP] Copy Pods Resources */ = {
			isa = PBXShellScriptBuildPhase;
			buildActionMask = 2147483647;
			files = (
			);
			inputPaths = (
			);
			name = "[CP] Copy Pods Resources";
			outputPaths = (
			);
			runOnlyForDeploymentPostprocessing = 0;
			shellPath = /bin/sh;
			shellScript = "\"${SRCROOT}/Pods/Target Support Files/Pods-CammentSDK_Example/Pods-CammentSDK_Example-resources.sh\"\n";
			showEnvVarsInLog = 0;
		};
		C3A9AB3668E07717B647D553 /* [CP] Check Pods Manifest.lock */ = {
			isa = PBXShellScriptBuildPhase;
			buildActionMask = 2147483647;
			files = (
			);
			inputPaths = (
				"${PODS_PODFILE_DIR_PATH}/Podfile.lock",
				"${PODS_ROOT}/Manifest.lock",
			);
			name = "[CP] Check Pods Manifest.lock";
			outputPaths = (
				"$(DERIVED_FILE_DIR)/Pods-CammentSDK_Tests-checkManifestLockResult.txt",
			);
			runOnlyForDeploymentPostprocessing = 0;
			shellPath = /bin/sh;
			shellScript = "diff \"${PODS_PODFILE_DIR_PATH}/Podfile.lock\" \"${PODS_ROOT}/Manifest.lock\" > /dev/null\nif [ $? != 0 ] ; then\n    # print error to STDERR\n    echo \"error: The sandbox is not in sync with the Podfile.lock. Run 'pod install' or update your CocoaPods installation.\" >&2\n    exit 1\nfi\n# This output is used by Xcode 'outputs' to avoid re-running this script phase.\necho \"SUCCESS\" > \"${SCRIPT_OUTPUT_FILE_0}\"\n";
			showEnvVarsInLog = 0;
		};
/* End PBXShellScriptBuildPhase section */

/* Begin PBXSourcesBuildPhase section */
		6003F586195388D20070C39A /* Sources */ = {
			isa = PBXSourcesBuildPhase;
			buildActionMask = 2147483647;
			files = (
				6003F59E195388D20070C39A /* CMAppDelegate.m in Sources */,
				6003F5A7195388D20070C39A /* CMViewController.m in Sources */,
				6003F59A195388D20070C39A /* main.m in Sources */,
			);
			runOnlyForDeploymentPostprocessing = 0;
		};
		6003F5AA195388D20070C39A /* Sources */ = {
			isa = PBXSourcesBuildPhase;
			buildActionMask = 2147483647;
			files = (
				95A992D5211B120900C12E71 /* CMCammentDAOTests.m in Sources */,
				953305002119B93500D37595 /* CMAPIDevcammentClient+OCMock.m in Sources */,
				953304FB2119B93500D37595 /* CMUserSessionContollerTests.m in Sources */,
				953305022119B93500D37595 /* CMAppServiceTests.m in Sources */,
				953304FD2119B93500D37595 /* CMCammentSDKMockDelegate.m in Sources */,
				953305012119B93500D37595 /* CMTestAppConfig.m in Sources */,
				953304FE2119B93500D37595 /* CMTestFacebookIdentityProvider.m in Sources */,
				953304FF2119B93500D37595 /* CMCammentUploader+OCMock.m in Sources */,
				953304FA2119B93500D37595 /* CMCammentUploaderTests.m in Sources */,
				953305032119B93500D37595 /* CMAppServiceInvitationFlowTests.m in Sources */,
				953304FC2119B93500D37595 /* CMCammentViewInteractorTests.m in Sources */,
				6FFABAFF4ED033B25A675E74 /* CMDatabaseConnectorTests.m in Sources */,
			);
			runOnlyForDeploymentPostprocessing = 0;
		};
/* End PBXSourcesBuildPhase section */

/* Begin PBXTargetDependency section */
		6003F5B4195388D20070C39A /* PBXTargetDependency */ = {
			isa = PBXTargetDependency;
			target = 6003F589195388D20070C39A /* CammentSDK_Example */;
			targetProxy = 6003F5B3195388D20070C39A /* PBXContainerItemProxy */;
		};
/* End PBXTargetDependency section */

/* Begin PBXVariantGroup section */
		6003F596195388D20070C39A /* InfoPlist.strings */ = {
			isa = PBXVariantGroup;
			children = (
				6003F597195388D20070C39A /* en */,
			);
			name = InfoPlist.strings;
			sourceTree = "<group>";
		};
		6003F5B8195388D20070C39A /* InfoPlist.strings */ = {
			isa = PBXVariantGroup;
			children = (
				6003F5B9195388D20070C39A /* en */,
			);
			name = InfoPlist.strings;
			sourceTree = "<group>";
		};
		71719F9D1E33DC2100824A3D /* LaunchScreen.storyboard */ = {
			isa = PBXVariantGroup;
			children = (
				71719F9E1E33DC2100824A3D /* Base */,
			);
			name = LaunchScreen.storyboard;
			sourceTree = "<group>";
		};
/* End PBXVariantGroup section */

/* Begin XCBuildConfiguration section */
		6003F5BD195388D20070C39A /* Debug */ = {
			isa = XCBuildConfiguration;
			buildSettings = {
				ALWAYS_SEARCH_USER_PATHS = NO;
				CLANG_CXX_LANGUAGE_STANDARD = "gnu++0x";
				CLANG_CXX_LIBRARY = "libc++";
				CLANG_ENABLE_MODULES = YES;
				CLANG_ENABLE_OBJC_ARC = YES;
				CLANG_WARN_BLOCK_CAPTURE_AUTORELEASING = YES;
				CLANG_WARN_BOOL_CONVERSION = YES;
				CLANG_WARN_COMMA = YES;
				CLANG_WARN_CONSTANT_CONVERSION = YES;
				CLANG_WARN_DEPRECATED_OBJC_IMPLEMENTATIONS = YES;
				CLANG_WARN_DIRECT_OBJC_ISA_USAGE = YES_ERROR;
				CLANG_WARN_EMPTY_BODY = YES;
				CLANG_WARN_ENUM_CONVERSION = YES;
				CLANG_WARN_INFINITE_RECURSION = YES;
				CLANG_WARN_INT_CONVERSION = YES;
				CLANG_WARN_NON_LITERAL_NULL_CONVERSION = YES;
				CLANG_WARN_OBJC_IMPLICIT_RETAIN_SELF = YES;
				CLANG_WARN_OBJC_LITERAL_CONVERSION = YES;
				CLANG_WARN_OBJC_ROOT_CLASS = YES_ERROR;
				CLANG_WARN_RANGE_LOOP_ANALYSIS = YES;
				CLANG_WARN_STRICT_PROTOTYPES = YES;
				CLANG_WARN_SUSPICIOUS_MOVE = YES;
				CLANG_WARN_UNREACHABLE_CODE = YES;
				CLANG_WARN__DUPLICATE_METHOD_MATCH = YES;
				"CODE_SIGN_IDENTITY[sdk=iphoneos*]" = "iPhone Developer";
				COPY_PHASE_STRIP = NO;
				ENABLE_STRICT_OBJC_MSGSEND = YES;
				ENABLE_TESTABILITY = YES;
				GCC_C_LANGUAGE_STANDARD = gnu99;
				GCC_DYNAMIC_NO_PIC = NO;
				GCC_NO_COMMON_BLOCKS = YES;
				GCC_OPTIMIZATION_LEVEL = 0;
				GCC_PREPROCESSOR_DEFINITIONS = (
					"DEBUG=1",
					"$(inherited)",
				);
				GCC_SYMBOLS_PRIVATE_EXTERN = NO;
				GCC_WARN_64_TO_32_BIT_CONVERSION = YES;
				GCC_WARN_ABOUT_RETURN_TYPE = YES_ERROR;
				GCC_WARN_UNDECLARED_SELECTOR = YES;
				GCC_WARN_UNINITIALIZED_AUTOS = YES_AGGRESSIVE;
				GCC_WARN_UNUSED_FUNCTION = YES;
				GCC_WARN_UNUSED_VARIABLE = YES;
				IPHONEOS_DEPLOYMENT_TARGET = 9.3;
				ONLY_ACTIVE_ARCH = YES;
				SDKROOT = iphoneos;
				TARGETED_DEVICE_FAMILY = "1,2";
			};
			name = Debug;
		};
		6003F5BE195388D20070C39A /* Release */ = {
			isa = XCBuildConfiguration;
			buildSettings = {
				ALWAYS_SEARCH_USER_PATHS = NO;
				CLANG_CXX_LANGUAGE_STANDARD = "gnu++0x";
				CLANG_CXX_LIBRARY = "libc++";
				CLANG_ENABLE_MODULES = YES;
				CLANG_ENABLE_OBJC_ARC = YES;
				CLANG_WARN_BLOCK_CAPTURE_AUTORELEASING = YES;
				CLANG_WARN_BOOL_CONVERSION = YES;
				CLANG_WARN_COMMA = YES;
				CLANG_WARN_CONSTANT_CONVERSION = YES;
				CLANG_WARN_DEPRECATED_OBJC_IMPLEMENTATIONS = YES;
				CLANG_WARN_DIRECT_OBJC_ISA_USAGE = YES_ERROR;
				CLANG_WARN_EMPTY_BODY = YES;
				CLANG_WARN_ENUM_CONVERSION = YES;
				CLANG_WARN_INFINITE_RECURSION = YES;
				CLANG_WARN_INT_CONVERSION = YES;
				CLANG_WARN_NON_LITERAL_NULL_CONVERSION = YES;
				CLANG_WARN_OBJC_IMPLICIT_RETAIN_SELF = YES;
				CLANG_WARN_OBJC_LITERAL_CONVERSION = YES;
				CLANG_WARN_OBJC_ROOT_CLASS = YES_ERROR;
				CLANG_WARN_RANGE_LOOP_ANALYSIS = YES;
				CLANG_WARN_STRICT_PROTOTYPES = YES;
				CLANG_WARN_SUSPICIOUS_MOVE = YES;
				CLANG_WARN_UNREACHABLE_CODE = YES;
				CLANG_WARN__DUPLICATE_METHOD_MATCH = YES;
				"CODE_SIGN_IDENTITY[sdk=iphoneos*]" = "iPhone Developer";
				COPY_PHASE_STRIP = YES;
				ENABLE_NS_ASSERTIONS = NO;
				ENABLE_STRICT_OBJC_MSGSEND = YES;
				GCC_C_LANGUAGE_STANDARD = gnu99;
				GCC_NO_COMMON_BLOCKS = YES;
				GCC_WARN_64_TO_32_BIT_CONVERSION = YES;
				GCC_WARN_ABOUT_RETURN_TYPE = YES_ERROR;
				GCC_WARN_UNDECLARED_SELECTOR = YES;
				GCC_WARN_UNINITIALIZED_AUTOS = YES_AGGRESSIVE;
				GCC_WARN_UNUSED_FUNCTION = YES;
				GCC_WARN_UNUSED_VARIABLE = YES;
				IPHONEOS_DEPLOYMENT_TARGET = 9.3;
				SDKROOT = iphoneos;
				TARGETED_DEVICE_FAMILY = "1,2";
				VALIDATE_PRODUCT = YES;
			};
			name = Release;
		};
		6003F5C0195388D20070C39A /* Debug */ = {
			isa = XCBuildConfiguration;
			baseConfigurationReference = 6F4727EA30536B6EDBF4416F /* Pods-CammentSDK_Example.debug.xcconfig */;
			buildSettings = {
				ASSETCATALOG_COMPILER_APPICON_NAME = AppIcon;
				DEVELOPMENT_TEAM = 8L5UM9D7Z5;
				GCC_PRECOMPILE_PREFIX_HEADER = YES;
				GCC_PREFIX_HEADER = "CammentSDK/CammentSDK-Prefix.pch";
				INFOPLIST_FILE = "CammentSDK/CammentSDK-Info.plist";
				IPHONEOS_DEPLOYMENT_TARGET = 9.0;
				MODULE_NAME = ExampleApp;
				PRODUCT_BUNDLE_IDENTIFIER = tv.camment.sdk.demoapp;
				PRODUCT_NAME = "$(TARGET_NAME)";
				WRAPPER_EXTENSION = app;
			};
			name = Debug;
		};
		6003F5C1195388D20070C39A /* Release */ = {
			isa = XCBuildConfiguration;
			baseConfigurationReference = 309B56756D68108C89A174FA /* Pods-CammentSDK_Example.release.xcconfig */;
			buildSettings = {
				ASSETCATALOG_COMPILER_APPICON_NAME = AppIcon;
				DEVELOPMENT_TEAM = 8L5UM9D7Z5;
				GCC_PRECOMPILE_PREFIX_HEADER = YES;
				GCC_PREFIX_HEADER = "CammentSDK/CammentSDK-Prefix.pch";
				INFOPLIST_FILE = "CammentSDK/CammentSDK-Info.plist";
				IPHONEOS_DEPLOYMENT_TARGET = 9.0;
				MODULE_NAME = ExampleApp;
				PRODUCT_BUNDLE_IDENTIFIER = tv.camment.sdk.demoapp;
				PRODUCT_NAME = "$(TARGET_NAME)";
				WRAPPER_EXTENSION = app;
			};
			name = Release;
		};
		6003F5C3195388D20070C39A /* Debug */ = {
			isa = XCBuildConfiguration;
			baseConfigurationReference = 0978F414B47B33B25C6A9BD5 /* Pods-CammentSDK_Tests.debug.xcconfig */;
			buildSettings = {
				ALWAYS_EMBED_SWIFT_STANDARD_LIBRARIES = YES;
				BUNDLE_LOADER = "$(TEST_HOST)";
				FRAMEWORK_SEARCH_PATHS = (
					"$(SDKROOT)/Developer/Library/Frameworks",
					"$(inherited)",
					"$(DEVELOPER_FRAMEWORKS_DIR)",
				);
				GCC_PRECOMPILE_PREFIX_HEADER = YES;
				GCC_PREFIX_HEADER = "Tests/Tests-Prefix.pch";
				GCC_PREPROCESSOR_DEFINITIONS = (
					"DEBUG=1",
					"$(inherited)",
				);
				INFOPLIST_FILE = "Tests/Tests-Info.plist";
				LIBRARY_SEARCH_PATHS = (
					"$(inherited)",
					"$(PROJECT_DIR)/Tests/OCMock",
				);
				PRODUCT_BUNDLE_IDENTIFIER = "org.cocoapods.demo.${PRODUCT_NAME:rfc1034identifier}";
				PRODUCT_NAME = "$(TARGET_NAME)";
				TEST_HOST = "$(BUILT_PRODUCTS_DIR)/CammentSDK_Example.app/CammentSDK_Example";
				WRAPPER_EXTENSION = xctest;
			};
			name = Debug;
		};
		6003F5C4195388D20070C39A /* Release */ = {
			isa = XCBuildConfiguration;
			baseConfigurationReference = 7DE22882396EA283C3380EB9 /* Pods-CammentSDK_Tests.release.xcconfig */;
			buildSettings = {
				ALWAYS_EMBED_SWIFT_STANDARD_LIBRARIES = YES;
				BUNDLE_LOADER = "$(TEST_HOST)";
				FRAMEWORK_SEARCH_PATHS = (
					"$(SDKROOT)/Developer/Library/Frameworks",
					"$(inherited)",
					"$(DEVELOPER_FRAMEWORKS_DIR)",
				);
				GCC_PRECOMPILE_PREFIX_HEADER = YES;
				GCC_PREFIX_HEADER = "Tests/Tests-Prefix.pch";
				INFOPLIST_FILE = "Tests/Tests-Info.plist";
				LIBRARY_SEARCH_PATHS = (
					"$(inherited)",
					"$(PROJECT_DIR)/Tests/OCMock",
				);
				PRODUCT_BUNDLE_IDENTIFIER = "org.cocoapods.demo.${PRODUCT_NAME:rfc1034identifier}";
				PRODUCT_NAME = "$(TARGET_NAME)";
				TEST_HOST = "$(BUILT_PRODUCTS_DIR)/CammentSDK_Example.app/CammentSDK_Example";
				WRAPPER_EXTENSION = xctest;
			};
			name = Release;
		};
/* End XCBuildConfiguration section */

/* Begin XCConfigurationList section */
		6003F585195388D10070C39A /* Build configuration list for PBXProject "CammentSDK" */ = {
			isa = XCConfigurationList;
			buildConfigurations = (
				6003F5BD195388D20070C39A /* Debug */,
				6003F5BE195388D20070C39A /* Release */,
			);
			defaultConfigurationIsVisible = 0;
			defaultConfigurationName = Release;
		};
		6003F5BF195388D20070C39A /* Build configuration list for PBXNativeTarget "CammentSDK_Example" */ = {
			isa = XCConfigurationList;
			buildConfigurations = (
				6003F5C0195388D20070C39A /* Debug */,
				6003F5C1195388D20070C39A /* Release */,
			);
			defaultConfigurationIsVisible = 0;
			defaultConfigurationName = Release;
		};
		6003F5C2195388D20070C39A /* Build configuration list for PBXNativeTarget "CammentSDK_Tests" */ = {
			isa = XCConfigurationList;
			buildConfigurations = (
				6003F5C3195388D20070C39A /* Debug */,
				6003F5C4195388D20070C39A /* Release */,
			);
			defaultConfigurationIsVisible = 0;
			defaultConfigurationName = Release;
		};
/* End XCConfigurationList section */
	};
	rootObject = 6003F582195388D10070C39A /* Project object */;
}
